
Microsoft Visual Studio Solution File, Format Version 12.00
# Visual Studio Version 17
VisualStudioVersion = 17.0.31611.283
MinimumVisualStudioVersion = 10.0.40219.1
Project("{2150E333-8FDC-42A3-9474-1A3956D46DE8}") = "Mato.Maui", "Mato.Maui", "{27C5E5C3-B2B1-4992-A8A1-26981BDC04FA}"
EndProject
Project("{9A19103F-16F7-4668-BE54-9A1E7A4F7556}") = "Mato.Maui.Common", "Mato.Maui\Mato.Maui.Common\Mato.Maui.Common.csproj", "{2D9E52BE-FCE1-4DA6-84F7-B4367A6696B8}"
EndProject
Project("{9A19103F-16F7-4668-BE54-9A1E7A4F7556}") = "Mato.Maui.RichTextEditor", "Mato.Maui\Mato.Maui.RichTextEditor\Mato.Maui.RichTextEditor.csproj", "{9C99C377-9B49-4C86-B14F-4B3D24F4CA94}"
EndProject
Project("{9A19103F-16F7-4668-BE54-9A1E7A4F7556}") = "Mato.Maui.Sample", "Mato.Maui.Sample\Mato.Maui.Sample.csproj", "{1BB811F4-CD4C-4F75-8BB2-995B9AB7023C}"
EndProject
Global
	GlobalSection(SolutionConfigurationPlatforms) = preSolution
		Debug|Any CPU = Debug|Any CPU
		Release|Any CPU = Release|Any CPU
	EndGlobalSection
	GlobalSection(ProjectConfigurationPlatforms) = postSolution
		{2D9E52BE-FCE1-4DA6-84F7-B4367A6696B8}.Debug|Any CPU.ActiveCfg = Debug|Any CPU
		{2D9E52BE-FCE1-4DA6-84F7-B4367A6696B8}.Debug|Any CPU.Build.0 = Debug|Any CPU
		{2D9E52BE-FCE1-4DA6-84F7-B4367A6696B8}.Release|Any CPU.ActiveCfg = Release|Any CPU
		{2D9E52BE-FCE1-4DA6-84F7-B4367A6696B8}.Release|Any CPU.Build.0 = Release|Any CPU
		{9C99C377-9B49-4C86-B14F-4B3D24F4CA94}.Debug|Any CPU.ActiveCfg = Debug|Any CPU
		{9C99C377-9B49-4C86-B14F-4B3D24F4CA94}.Debug|Any CPU.Build.0 = Debug|Any CPU
		{9C99C377-9B49-4C86-B14F-4B3D24F4CA94}.Release|Any CPU.ActiveCfg = Release|Any CPU
		{9C99C377-9B49-4C86-B14F-4B3D24F4CA94}.Release|Any CPU.Build.0 = Release|Any CPU
		{1BB811F4-CD4C-4F75-8BB2-995B9AB7023C}.Debug|Any CPU.ActiveCfg = Debug|Any CPU
		{1BB811F4-CD4C-4F75-8BB2-995B9AB7023C}.Debug|Any CPU.Build.0 = Debug|Any CPU
		{1BB811F4-CD4C-4F75-8BB2-995B9AB7023C}.Debug|Any CPU.Deploy.0 = Debug|Any CPU
		{1BB811F4-CD4C-4F75-8BB2-995B9AB7023C}.Release|Any CPU.ActiveCfg = Release|Any CPU
		{1BB811F4-CD4C-4F75-8BB2-995B9AB7023C}.Release|Any CPU.Build.0 = Release|Any CPU
		{1BB811F4-CD4C-4F75-8BB2-995B9AB7023C}.Release|Any CPU.Deploy.0 = Release|Any CPU
	EndGlobalSection
	GlobalSection(SolutionProperties) = preSolution
		HideSolutionNode = FALSE
	EndGlobalSection
	GlobalSection(NestedProjects) = preSolution
		{2D9E52BE-FCE1-4DA6-84F7-B4367A6696B8} = {27C5E5C3-B2B1-4992-A8A1-26981BDC04FA}
		{9C99C377-9B49-4C86-B14F-4B3D24F4CA94} = {27C5E5C3-B2B1-4992-A8A1-26981BDC04FA}
	EndGlobalSection
	GlobalSection(ExtensibilityGlobals) = postSolution
		SolutionGuid = {61F7FB11-1E47-470C-91E2-47F8143E1572}
	EndGlobalSection
EndGlobal
